
Microsoft Visual Studio Solution File, Format Version 12.00
# Visual Studio Version 17
VisualStudioVersion = 17.14.36603.0 d17.14
MinimumVisualStudioVersion = 10.0.40219.1
Project("{8BC9CEB8-8B4A-11D0-8D11-00A0C91BC942}") = "T3, Ejercicio13", "T3, Ejercicio13\T3, Ejercicio13.vcxproj", "{625D00A1-DDA7-4EAB-BA95-313E5689912D}"
EndProject
Global
	GlobalSection(SolutionConfigurationPlatforms) = preSolution
		Debug|x64 = Debug|x64
		Debug|x86 = Debug|x86
		Release|x64 = Release|x64
		Release|x86 = Release|x86
	EndGlobalSection
	GlobalSection(ProjectConfigurationPlatforms) = postSolution
		{625D00A1-DDA7-4EAB-BA95-313E5689912D}.Debug|x64.ActiveCfg = Debug|x64
		{625D00A1-DDA7-4EAB-BA95-313E5689912D}.Debug|x64.Build.0 = Debug|x64
		{625D00A1-DDA7-4EAB-BA95-313E5689912D}.Debug|x86.ActiveCfg = Debug|Win32
		{625D00A1-DDA7-4EAB-BA95-313E5689912D}.Debug|x86.Build.0 = Debug|Win32
		{625D00A1-DDA7-4EAB-BA95-313E5689912D}.Release|x64.ActiveCfg = Release|x64
		{625D00A1-DDA7-4EAB-BA95-313E5689912D}.Release|x64.Build.0 = Release|x64
		{625D00A1-DDA7-4EAB-BA95-313E5689912D}.Release|x86.ActiveCfg = Release|Win32
		{625D00A1-DDA7-4EAB-BA95-313E5689912D}.Release|x86.Build.0 = Release|Win32
	EndGlobalSection
	GlobalSection(SolutionProperties) = preSolution
		HideSolutionNode = FALSE
	EndGlobalSection
	GlobalSection(ExtensibilityGlobals) = postSolution
		SolutionGuid = {FAB074AE-1A60-4076-BD5A-4DDE45953DE2}
	EndGlobalSection
EndGlobal
