
Microsoft Visual Studio Solution File, Format Version 12.00
# Visual Studio Version 17
VisualStudioVersion = 17.14.36603.0 d17.14
MinimumVisualStudioVersion = 10.0.40219.1
Project("{8BC9CEB8-8B4A-11D0-8D11-00A0C91BC942}") = "T2, Ejercicio 30", "T2, Ejercicio 30\T2, Ejercicio 30.vcxproj", "{BA618773-611D-4F3C-9B58-F41492B3269C}"
EndProject
Global
	GlobalSection(SolutionConfigurationPlatforms) = preSolution
		Debug|x64 = Debug|x64
		Debug|x86 = Debug|x86
		Release|x64 = Release|x64
		Release|x86 = Release|x86
	EndGlobalSection
	GlobalSection(ProjectConfigurationPlatforms) = postSolution
		{BA618773-611D-4F3C-9B58-F41492B3269C}.Debug|x64.ActiveCfg = Debug|x64
		{BA618773-611D-4F3C-9B58-F41492B3269C}.Debug|x64.Build.0 = Debug|x64
		{BA618773-611D-4F3C-9B58-F41492B3269C}.Debug|x86.ActiveCfg = Debug|Win32
		{BA618773-611D-4F3C-9B58-F41492B3269C}.Debug|x86.Build.0 = Debug|Win32
		{BA618773-611D-4F3C-9B58-F41492B3269C}.Release|x64.ActiveCfg = Release|x64
		{BA618773-611D-4F3C-9B58-F41492B3269C}.Release|x64.Build.0 = Release|x64
		{BA618773-611D-4F3C-9B58-F41492B3269C}.Release|x86.ActiveCfg = Release|Win32
		{BA618773-611D-4F3C-9B58-F41492B3269C}.Release|x86.Build.0 = Release|Win32
	EndGlobalSection
	GlobalSection(SolutionProperties) = preSolution
		HideSolutionNode = FALSE
	EndGlobalSection
	GlobalSection(ExtensibilityGlobals) = postSolution
		SolutionGuid = {C25F0C16-4961-4501-A21A-7827411EFD7F}
	EndGlobalSection
EndGlobal
