
Microsoft Visual Studio Solution File, Format Version 12.00
# Visual Studio Version 17
VisualStudioVersion = 17.14.36603.0 d17.14
MinimumVisualStudioVersion = 10.0.40219.1
Project("{8BC9CEB8-8B4A-11D0-8D11-00A0C91BC942}") = "T2, Ejercicio 13", "T2, Ejercicio 13\T2, Ejercicio 13.vcxproj", "{20F45479-97AA-46FF-A3BB-B68F3ABE1532}"
EndProject
Global
	GlobalSection(SolutionConfigurationPlatforms) = preSolution
		Debug|x64 = Debug|x64
		Debug|x86 = Debug|x86
		Release|x64 = Release|x64
		Release|x86 = Release|x86
	EndGlobalSection
	GlobalSection(ProjectConfigurationPlatforms) = postSolution
		{20F45479-97AA-46FF-A3BB-B68F3ABE1532}.Debug|x64.ActiveCfg = Debug|x64
		{20F45479-97AA-46FF-A3BB-B68F3ABE1532}.Debug|x64.Build.0 = Debug|x64
		{20F45479-97AA-46FF-A3BB-B68F3ABE1532}.Debug|x86.ActiveCfg = Debug|Win32
		{20F45479-97AA-46FF-A3BB-B68F3ABE1532}.Debug|x86.Build.0 = Debug|Win32
		{20F45479-97AA-46FF-A3BB-B68F3ABE1532}.Release|x64.ActiveCfg = Release|x64
		{20F45479-97AA-46FF-A3BB-B68F3ABE1532}.Release|x64.Build.0 = Release|x64
		{20F45479-97AA-46FF-A3BB-B68F3ABE1532}.Release|x86.ActiveCfg = Release|Win32
		{20F45479-97AA-46FF-A3BB-B68F3ABE1532}.Release|x86.Build.0 = Release|Win32
	EndGlobalSection
	GlobalSection(SolutionProperties) = preSolution
		HideSolutionNode = FALSE
	EndGlobalSection
	GlobalSection(ExtensibilityGlobals) = postSolution
		SolutionGuid = {D79DF620-6115-4BBF-8D2C-43402D87242B}
	EndGlobalSection
EndGlobal
